{
  "name": "turf-pointgriddensity",
  "version": "1.0.0",
  "lockfileVersion": 1,
  "requires": true,
  "dependencies": {
    "@turf/bbox": {
      "version": "6.0.1",
      "resolved": "https://registry.npmjs.org/@turf/bbox/-/bbox-6.0.1.tgz",
      "integrity": "sha512-EGgaRLettBG25Iyx7VyUINsPpVj1x3nFQFiGS3ER8KCI1MximzNLsam3eXRabqQDjyAKyAE1bJ4EZEpGvspQxw==",
      "requires": {
        "@turf/helpers": "6.1.4",
        "@turf/meta": "6.0.2"
      }
    },
    "@turf/boolean-point-in-polygon": {
      "version": "6.0.1",
      "resolved": "https://registry.npmjs.org/@turf/boolean-point-in-polygon/-/boolean-point-in-polygon-6.0.1.tgz",
      "integrity": "sha512-FKLOZ124vkJhjzNSDcqpwp2NvfnsbYoUOt5iAE7uskt4svix5hcjIEgX9sELFTJpbLGsD1mUbKdfns8tZxcMNg==",
      "requires": {
        "@turf/helpers": "6.1.4",
        "@turf/invariant": "6.1.2"
      }
    },
    "@turf/boolean-point-on-line": {
      "version": "6.0.1",
      "resolved": "https://registry.npmjs.org/@turf/boolean-point-on-line/-/boolean-point-on-line-6.0.1.tgz",
      "integrity": "sha512-Vl724Tzh4CF/13kgblOAQnMcHagromCP1EfyJ9G/8SxpSoTYeY2G6FmmcpbW51GqKxC7xgM9+Pck50dun7oYkg==",
      "requires": {
        "@turf/helpers": "6.1.4",
        "@turf/invariant": "6.1.2"
      }
    },
    "@turf/boolean-within": {
      "version": "6.0.1",
      "resolved": "https://registry.npmjs.org/@turf/boolean-within/-/boolean-within-6.0.1.tgz",
      "integrity": "sha512-fAzDoWzA4UvUE99G8VqQjVg+PSrPBACM9+SLcl0vkbxIhTjoknpTUwSfH86EgKiCkTDttiDIs/q27xZ4H+mgLQ==",
      "requires": {
        "@turf/bbox": "6.0.1",
        "@turf/boolean-point-in-polygon": "6.0.1",
        "@turf/boolean-point-on-line": "6.0.1",
        "@turf/helpers": "6.1.4",
        "@turf/invariant": "6.1.2"
      }
    },
    "@turf/centroid": {
      "version": "5.1.5",
      "resolved": "https://registry.npmjs.org/@turf/centroid/-/centroid-5.1.5.tgz",
      "integrity": "sha1-d4radCFjNQIa2P0OemWoNJ1Tx2k=",
      "requires": {
        "@turf/helpers": "5.1.5",
        "@turf/meta": "5.2.0"
      },
      "dependencies": {
        "@turf/helpers": {
          "version": "5.1.5",
          "resolved": "https://registry.npmjs.org/@turf/helpers/-/helpers-5.1.5.tgz",
          "integrity": "sha1-FTQFInq5M9AEpbuWQantmZ/L4M8="
        },
        "@turf/meta": {
          "version": "5.2.0",
          "resolved": "https://registry.npmjs.org/@turf/meta/-/meta-5.2.0.tgz",
          "integrity": "sha1-OxrUhe4MOwsXdRMqMsOE1T5LpT0=",
          "requires": {
            "@turf/helpers": "5.1.5"
          }
        }
      }
    },
    "@turf/clone": {
      "version": "5.1.5",
      "resolved": "https://registry.npmjs.org/@turf/clone/-/clone-5.1.5.tgz",
      "integrity": "sha1-JT6NNUdxgZduM636tQoPAqfw42c=",
      "requires": {
        "@turf/helpers": "5.1.5"
      },
      "dependencies": {
        "@turf/helpers": {
          "version": "5.1.5",
          "resolved": "https://registry.npmjs.org/@turf/helpers/-/helpers-5.1.5.tgz",
          "integrity": "sha1-FTQFInq5M9AEpbuWQantmZ/L4M8="
        }
      }
    },
    "@turf/distance": {
      "version": "6.0.1",
      "resolved": "https://registry.npmjs.org/@turf/distance/-/distance-6.0.1.tgz",
      "integrity": "sha512-q7t7rWIWfkg7MP1Vt4uLjSEhe5rPfCO2JjpKmk7JC+QZKEQkuvHEqy3ejW1iC7Kw5ZcZNR3qdMGGz+6HnVwqvg==",
      "requires": {
        "@turf/helpers": "6.1.4",
        "@turf/invariant": "6.1.2"
      }
    },
    "@turf/helpers": {
      "version": "6.1.4",
      "resolved": "https://registry.npmjs.org/@turf/helpers/-/helpers-6.1.4.tgz",
      "integrity": "sha512-vJvrdOZy1ngC7r3MDA7zIGSoIgyrkWcGnNIEaqn/APmw+bVLF2gAW7HIsdTxd12s5wQMqEpqIQrmrbRRZ0xC7g=="
    },
    "@turf/invariant": {
      "version": "6.1.2",
      "resolved": "https://registry.npmjs.org/@turf/invariant/-/invariant-6.1.2.tgz",
      "integrity": "sha512-WU08Ph8j0J2jVGlQCKChXoCtI50BB3yEH21V++V0T4cR1T27HKCxkehV2sYMwTierfMBgjwSwDIsxnR4/2mWXg==",
      "requires": {
        "@turf/helpers": "6.1.4"
      }
    },
    "@turf/meta": {
      "version": "6.0.2",
      "resolved": "https://registry.npmjs.org/@turf/meta/-/meta-6.0.2.tgz",
      "integrity": "sha512-VA7HJkx7qF1l3+GNGkDVn2oXy4+QoLP6LktXAaZKjuT1JI0YESat7quUkbCMy4zP9lAUuvS4YMslLyTtr919FA==",
      "requires": {
        "@turf/helpers": "6.1.4"
      }
    },
    "@turf/rhumb-bearing": {
      "version": "5.1.5",
      "resolved": "https://registry.npmjs.org/@turf/rhumb-bearing/-/rhumb-bearing-5.1.5.tgz",
      "integrity": "sha1-rPalAkJ+uMSeGM2mrg7/qwxd3NI=",
      "requires": {
        "@turf/helpers": "5.1.5",
        "@turf/invariant": "5.2.0"
      },
      "dependencies": {
        "@turf/helpers": {
          "version": "5.1.5",
          "resolved": "https://registry.npmjs.org/@turf/helpers/-/helpers-5.1.5.tgz",
          "integrity": "sha1-FTQFInq5M9AEpbuWQantmZ/L4M8="
        },
        "@turf/invariant": {
          "version": "5.2.0",
          "resolved": "https://registry.npmjs.org/@turf/invariant/-/invariant-5.2.0.tgz",
          "integrity": "sha1-8BUP9ykLOFd7c9CIt5MsHuCqkKc=",
          "requires": {
            "@turf/helpers": "5.1.5"
          }
        }
      }
    },
    "@turf/rhumb-destination": {
      "version": "5.1.5",
      "resolved": "https://registry.npmjs.org/@turf/rhumb-destination/-/rhumb-destination-5.1.5.tgz",
      "integrity": "sha1-sbKuuSFUfyrAwamUtqEw+SRjx0I=",
      "requires": {
        "@turf/helpers": "5.1.5",
        "@turf/invariant": "5.2.0"
      },
      "dependencies": {
        "@turf/helpers": {
          "version": "5.1.5",
          "resolved": "https://registry.npmjs.org/@turf/helpers/-/helpers-5.1.5.tgz",
          "integrity": "sha1-FTQFInq5M9AEpbuWQantmZ/L4M8="
        },
        "@turf/invariant": {
          "version": "5.2.0",
          "resolved": "https://registry.npmjs.org/@turf/invariant/-/invariant-5.2.0.tgz",
          "integrity": "sha1-8BUP9ykLOFd7c9CIt5MsHuCqkKc=",
          "requires": {
            "@turf/helpers": "5.1.5"
          }
        }
      }
    },
    "@turf/rhumb-distance": {
      "version": "5.1.5",
      "resolved": "https://registry.npmjs.org/@turf/rhumb-distance/-/rhumb-distance-5.1.5.tgz",
      "integrity": "sha1-GAaFdiX0IlOE2tQT5p85U4/192U=",
      "requires": {
        "@turf/helpers": "5.1.5",
        "@turf/invariant": "5.2.0"
      },
      "dependencies": {
        "@turf/helpers": {
          "version": "5.1.5",
          "resolved": "https://registry.npmjs.org/@turf/helpers/-/helpers-5.1.5.tgz",
          "integrity": "sha1-FTQFInq5M9AEpbuWQantmZ/L4M8="
        },
        "@turf/invariant": {
          "version": "5.2.0",
          "resolved": "https://registry.npmjs.org/@turf/invariant/-/invariant-5.2.0.tgz",
          "integrity": "sha1-8BUP9ykLOFd7c9CIt5MsHuCqkKc=",
          "requires": {
            "@turf/helpers": "5.1.5"
          }
        }
      }
    },
    "@turf/transform-rotate": {
      "version": "5.1.5",
      "resolved": "https://registry.npmjs.org/@turf/transform-rotate/-/transform-rotate-5.1.5.tgz",
      "integrity": "sha1-0Jbt2eMA/jFQadVNjkWMQJIh7fs=",
      "requires": {
        "@turf/centroid": "5.1.5",
        "@turf/clone": "5.1.5",
        "@turf/helpers": "5.1.5",
        "@turf/invariant": "5.2.0",
        "@turf/meta": "5.2.0",
        "@turf/rhumb-bearing": "5.1.5",
        "@turf/rhumb-destination": "5.1.5",
        "@turf/rhumb-distance": "5.1.5"
      },
      "dependencies": {
        "@turf/helpers": {
          "version": "5.1.5",
          "resolved": "https://registry.npmjs.org/@turf/helpers/-/helpers-5.1.5.tgz",
          "integrity": "sha1-FTQFInq5M9AEpbuWQantmZ/L4M8="
        },
        "@turf/invariant": {
          "version": "5.2.0",
          "resolved": "https://registry.npmjs.org/@turf/invariant/-/invariant-5.2.0.tgz",
          "integrity": "sha1-8BUP9ykLOFd7c9CIt5MsHuCqkKc=",
          "requires": {
            "@turf/helpers": "5.1.5"
          }
        },
        "@turf/meta": {
          "version": "5.2.0",
          "resolved": "https://registry.npmjs.org/@turf/meta/-/meta-5.2.0.tgz",
          "integrity": "sha1-OxrUhe4MOwsXdRMqMsOE1T5LpT0=",
          "requires": {
            "@turf/helpers": "5.1.5"
          }
        }
      }
    }
  }
}
